[[package]]
name = "easyprocess"
version = "1.1"
description = "Easy to use Python subprocess interface."
category = "main"
optional = false
python-versions = "*"

[[package]]
name = "entrypoint2"
version = "1.1"
description = "easy to use command-line interface for python modules"
category = "main"
optional = false
python-versions = "*"

[[package]]
name = "jeepney"
version = "0.8.0"
description = "Low-level, pure Python DBus protocol wrapper."
category = "main"
optional = false
python-versions = ">=3.7"

[package.extras]
test = ["pytest", "pytest-trio", "pytest-asyncio (>=0.17)", "testpath", "trio", "async-timeout"]
trio = ["trio", "async-generator"]

[[package]]
name = "mouseinfo"
version = "0.1.3"
description = "An application to display XY position and RGB color information for the pixel currently under the mouse. Works on Python 2 and 3."
category = "main"
optional = false
python-versions = "*"

[package.dependencies]
pyperclip = "*"
python3-Xlib = {version = "*", markers = "platform_system == \"Linux\" and python_version >= \"3.0\""}
rubicon-objc = {version = "*", markers = "platform_system == \"Darwin\""}

[[package]]
name = "mss"
version = "9.0.1"
description = "An ultra fast cross-platform multiple screenshots module in pure python using ctypes."
category = "main"
optional = false
python-versions = ">=3.8"

[[package]]
name = "numpy"
version = "1.25.2"
description = "Fundamental package for array computing in Python"
category = "main"
optional = false
python-versions = ">=3.9"

[[package]]
name = "opencv-python"
version = "4.8.0.76"
description = "Wrapper package for OpenCV python bindings."
category = "main"
optional = false
python-versions = ">=3.6"

[package.dependencies]
numpy = [
    {version = ">=1.21.0", markers = "python_version <= \"3.9\" and platform_system == \"Darwin\" and platform_machine == \"arm64\""},
    {version = ">=1.21.2", markers = "python_version >= \"3.10\""},
    {version = ">=1.21.4", markers = "python_version >= \"3.10\" and platform_system == \"Darwin\""},
    {version = ">=1.23.5", markers = "python_version >= \"3.11\""},
    {version = ">=1.19.3", markers = "python_version >= \"3.6\" and platform_system == \"Linux\" and platform_machine == \"aarch64\" or python_version >= \"3.9\""},
    {version = ">=1.17.0", markers = "python_version >= \"3.7\""},
    {version = ">=1.17.3", markers = "python_version >= \"3.8\""},
]

[[package]]
name = "pillow"
version = "10.0.0"
description = "Python Imaging Library (Fork)"
category = "main"
optional = false
python-versions = ">=3.8"

[package.extras]
docs = ["furo", "olefile", "sphinx (>=2.4)", "sphinx-copybutton", "sphinx-inline-tabs", "sphinx-removed-in", "sphinxext-opengraph"]
tests = ["check-manifest", "coverage", "defusedxml", "markdown2", "olefile", "packaging", "pyroma", "pytest", "pytest-cov", "pytest-timeout"]

[[package]]
name = "pyautogui"
version = "0.9.54"
description = "PyAutoGUI lets Python control the mouse and keyboard, and other GUI automation tasks. For Windows, macOS, and Linux, on Python 3 and 2."
category = "main"
optional = false
python-versions = "*"

[package.dependencies]
mouseinfo = "*"
pygetwindow = ">=0.0.5"
pymsgbox = "*"
pyobjc-core = {version = "*", markers = "platform_system == \"Darwin\""}
pyobjc-framework-quartz = {version = "*", markers = "platform_system == \"Darwin\""}
pyscreeze = ">=0.1.21"
python3-Xlib = {version = "*", markers = "platform_system == \"Linux\" and python_version >= \"3.0\""}
pytweening = ">=1.0.4"

[[package]]
name = "pygetwindow"
version = "0.0.9"
description = "A simple, cross-platform module for obtaining GUI information on application's windows."
category = "main"
optional = false
python-versions = "*"

[package.dependencies]
pyrect = "*"

[[package]]
name = "pymsgbox"
version = "1.0.9"
description = "A simple, cross-platform, pure Python module for JavaScript-like message boxes."
category = "main"
optional = false
python-versions = "*"

[[package]]
name = "pyobjc-core"
version = "9.2"
description = "Python<->ObjC Interoperability Module"
category = "main"
optional = false
python-versions = ">=3.7"

[[package]]
name = "pyobjc-framework-cocoa"
version = "9.2"
description = "Wrappers for the Cocoa frameworks on macOS"
category = "main"
optional = false
python-versions = ">=3.7"

[package.dependencies]
pyobjc-core = ">=9.2"

[[package]]
name = "pyobjc-framework-quartz"
version = "9.2"
description = "Wrappers for the Quartz frameworks on macOS"
category = "main"
optional = false
python-versions = ">=3.7"

[package.dependencies]
pyobjc-core = ">=9.2"
pyobjc-framework-Cocoa = ">=9.2"

[[package]]
name = "pyperclip"
version = "1.8.2"
description = "A cross-platform clipboard module for Python. (Only handles plain text for now.)"
category = "main"
optional = false
python-versions = "*"

[[package]]
name = "pyrect"
version = "0.2.0"
description = "PyRect is a simple module with a Rect class for Pygame-like rectangular areas."
category = "main"
optional = false
python-versions = "*"

[[package]]
name = "pyscreenshot"
version = "3.1"
description = "python screenshot"
category = "main"
optional = false
python-versions = ">=3.4"

[package.dependencies]
EasyProcess = "*"
entrypoint2 = "*"
jeepney = {version = "*", markers = "python_version > \"3.4\" and platform_system == \"Linux\""}
mss = {version = "*", markers = "python_version > \"3.4\""}

[[package]]
name = "pyscreeze"
version = "0.1.29"
description = "A simple, cross-platform screenshot module for Python 2 and 3."
category = "main"
optional = false
python-versions = "*"

[package.dependencies]
Pillow = [
    {version = ">=9.2.0", markers = "python_version == \"3.10\" or python_version == \"3.9\""},
    {version = ">=9.3.0", markers = "python_version == \"3.11\""},
]
pyscreenshot = "*"

[[package]]
name = "python3-xlib"
version = "0.15"
description = "Python3 X Library"
category = "main"
optional = false
python-versions = "*"

[[package]]
name = "pytweening"
version = "1.0.7"
description = "A collection of tweening / easing functions."
category = "main"
optional = false
python-versions = "*"

[[package]]
name = "pywin32"
version = "306"
description = "Python for Window Extensions"
category = "main"
optional = false
python-versions = "*"

[[package]]
name = "rubicon-objc"
version = "0.4.6"
description = "A bridge between an Objective C runtime environment and Python."
category = "main"
optional = false
python-versions = ">=3.7"

[package.extras]
dev = ["pytest (==7.3.0)", "pytest-tldr (==0.2.5)", "setuptools-scm[toml] (==7.1.0)", "tox (==4.4.11)", "pre-commit (==2.21.0)", "pre-commit (==3.2.2)"]
docs = ["furo (==2023.3.27)", "pyenchant (==3.2.2)", "sphinx (==6.1.3)", "sphinx-tabs (==3.4.1)", "sphinx-autobuild (==2021.3.14)", "sphinxcontrib-spelling (==8.0.0)"]

[metadata]
lock-version = "1.1"
python-versions = "^3.9"
content-hash = "c6ba8b23af6361ef3899d9e0ce171f27e1536e51bf51e9f8b7f467c6fd0892bf"

[metadata.files]
easyprocess = []
entrypoint2 = []
jeepney = []
mouseinfo = []
mss = []
numpy = []
opencv-python = []
pillow = []
pyautogui = []
pygetwindow = []
pymsgbox = []
pyobjc-core = []
pyobjc-framework-cocoa = []
pyobjc-framework-quartz = []
pyperclip = []
pyrect = []
pyscreenshot = []
pyscreeze = []
python3-xlib = []
pytweening = []
pywin32 = []
rubicon-objc = []
